
Microsoft Visual Studio Solution File, Format Version 12.00
# Visual Studio 15
VisualStudioVersion = 15.0.28307.572
MinimumVisualStudioVersion = 10.0.40219.1
Project("{E24C65DC-7377-472B-9ABA-BC803B73C61A}") = "AJAX+WF", "AJAX+WF\", "{F5486AA9-CB8F-40F9-AAF8-FEB5C108785E}"
	ProjectSection(WebsiteProperties) = preProject
		TargetFrameworkMoniker = ".NETFramework,Version%3Dv4.6.1"
		Debug.AspNetCompiler.VirtualPath = "/localhost_58395"
		Debug.AspNetCompiler.PhysicalPath = "AJAX+WF\"
		Debug.AspNetCompiler.TargetPath = "PrecompiledWeb\localhost_58395\"
		Debug.AspNetCompiler.Updateable = "true"
		Debug.AspNetCompiler.ForceOverwrite = "true"
		Debug.AspNetCompiler.FixedNames = "false"
		Debug.AspNetCompiler.Debug = "True"
		Release.AspNetCompiler.VirtualPath = "/localhost_58395"
		Release.AspNetCompiler.PhysicalPath = "AJAX+WF\"
		Release.AspNetCompiler.TargetPath = "PrecompiledWeb\localhost_58395\"
		Release.AspNetCompiler.Updateable = "true"
		Release.AspNetCompiler.ForceOverwrite = "true"
		Release.AspNetCompiler.FixedNames = "false"
		Release.AspNetCompiler.Debug = "False"
		VWDPort = "58395"
		SlnRelativePath = "AJAX+WF\"
		DefaultWebSiteLanguage = "Visual C#"
	EndProjectSection
EndProject
Global
	GlobalSection(SolutionConfigurationPlatforms) = preSolution
		Debug|Any CPU = Debug|Any CPU
	EndGlobalSection
	GlobalSection(ProjectConfigurationPlatforms) = postSolution
		{F5486AA9-CB8F-40F9-AAF8-FEB5C108785E}.Debug|Any CPU.ActiveCfg = Debug|Any CPU
		{F5486AA9-CB8F-40F9-AAF8-FEB5C108785E}.Debug|Any CPU.Build.0 = Debug|Any CPU
	EndGlobalSection
	GlobalSection(SolutionProperties) = preSolution
		HideSolutionNode = FALSE
	EndGlobalSection
	GlobalSection(ExtensibilityGlobals) = postSolution
		SolutionGuid = {F735F504-0191-4FF4-8234-02BCB90F2CB1}
	EndGlobalSection
EndGlobal
